
Microsoft Visual Studio Solution File, Format Version 12.00
# Visual Studio 15
VisualStudioVersion = 15.0.28307.572
MinimumVisualStudioVersion = 10.0.40219.1
Project("{FAE04EC0-301F-11D3-BF4B-00C04F79EFBC}") = "WebAppCRUDPubs", "WebAppCRUDPubs\WebAppCRUDPubs.csproj", "{4F62FAE4-6365-4A60-A685-38D3493B78A8}"
EndProject
Global
	GlobalSection(SolutionConfigurationPlatforms) = preSolution
		Debug|Any CPU = Debug|Any CPU
		Release|Any CPU = Release|Any CPU
	EndGlobalSection
	GlobalSection(ProjectConfigurationPlatforms) = postSolution
		{4F62FAE4-6365-4A60-A685-38D3493B78A8}.Debug|Any CPU.ActiveCfg = Debug|Any CPU
		{4F62FAE4-6365-4A60-A685-38D3493B78A8}.Debug|Any CPU.Build.0 = Debug|Any CPU
		{4F62FAE4-6365-4A60-A685-38D3493B78A8}.Release|Any CPU.ActiveCfg = Release|Any CPU
		{4F62FAE4-6365-4A60-A685-38D3493B78A8}.Release|Any CPU.Build.0 = Release|Any CPU
	EndGlobalSection
	GlobalSection(SolutionProperties) = preSolution
		HideSolutionNode = FALSE
	EndGlobalSection
	GlobalSection(ExtensibilityGlobals) = postSolution
		SolutionGuid = {227FECEE-BFF1-4A98-8B4B-479D88C6B9C0}
	EndGlobalSection
EndGlobal
